
Microsoft Visual Studio Solution File, Format Version 12.00
# Visual Studio 14
VisualStudioVersion = 14.0.25420.1
MinimumVisualStudioVersion = 10.0.40219.1
Project("{8BB2217D-0F2D-49D1-97BC-3654ED321F3B}") = "NetEOC.Auth", "Services\NetEOC.Auth\NetEOC.Auth.xproj", "{637DE143-21FE-4CCD-AC21-1A8BB0B3DB26}"
EndProject
Project("{8BB2217D-0F2D-49D1-97BC-3654ED321F3B}") = "NetEOC.Messaging", "Services\NetEOC.Messaging\NetEOC.Messaging.xproj", "{836E3B0C-DB81-4D07-AE6B-F792CF64CB35}"
EndProject
Project("{2150E333-8FDC-42A3-9474-1A3956D46DE8}") = "Services", "Services", "{1C8AEE1E-909C-48CE-BC96-66FD744E0639}"
EndProject
Project("{2150E333-8FDC-42A3-9474-1A3956D46DE8}") = "Shared", "Shared", "{E0E3DEA6-3C5A-4676-98E8-E32B6329933A}"
EndProject
Project("{8BB2217D-0F2D-49D1-97BC-3654ED321F3B}") = "NetEOC.Shared.Aws.DynamoDb", "Shared\NetEOC.Shared.Aws.DynamoDb\NetEOC.Shared.Aws.DynamoDb.xproj", "{71EA632F-1C0E-4691-B8E8-A06A5E19AC4C}"
EndProject
Project("{8BB2217D-0F2D-49D1-97BC-3654ED321F3B}") = "NetEOC.Shared.Configuration", "Shared\NetEOC.Shared.Configuration\NetEOC.Shared.Configuration.xproj", "{85E1DEF9-3B0A-4FF0-8083-50FEF1DF4125}"
EndProject
Project("{2150E333-8FDC-42A3-9474-1A3956D46DE8}") = "Solution Items", "Solution Items", "{0CDB5F0A-6D37-4104-846E-08528C70ACEC}"
	ProjectSection(SolutionItems) = preProject
		global.json = global.json
	EndProjectSection
EndProject
Project("{8BB2217D-0F2D-49D1-97BC-3654ED321F3B}") = "NetEOC.Shared.Util", "Shared\NetEOC.Shared.Util\NetEOC.Shared.Util.xproj", "{AEF92697-03D8-469F-9416-1F72F97D07D8}"
EndProject
Project("{8BB2217D-0F2D-49D1-97BC-3654ED321F3B}") = "NetEOC.Flare", "Services\NetEOC.Flare\NetEOC.Flare.xproj", "{70D21E65-4582-4E8F-B9AA-9122572B1A0C}"
EndProject
Project("{2150E333-8FDC-42A3-9474-1A3956D46DE8}") = "Tests", "Tests", "{FD9EB12F-0AFB-4043-8C5E-F27A4FC28750}"
EndProject
Project("{8BB2217D-0F2D-49D1-97BC-3654ED321F3B}") = "NetEOC.Auth.Tests", "Tests\NetEOC.Auth.Tests\NetEOC.Auth.Tests.xproj", "{726661CC-A7BC-4450-A06D-73E7B7AAC429}"
EndProject
Project("{8BB2217D-0F2D-49D1-97BC-3654ED321F3B}") = "NetEOC.Flare.Tests", "Tests\NetEOC.Flare.Tests\NetEOC.Flare.Tests.xproj", "{F7476F9B-A73D-4CBD-A3F7-2477C836D6CF}"
EndProject
Project("{8BB2217D-0F2D-49D1-97BC-3654ED321F3B}") = "NetEOC.Messaging.Tests", "Tests\NetEOC.Messaging.Tests\NetEOC.Messaging.Tests.xproj", "{FA172222-A11E-4F59-A6AC-AE416D1786A3}"
EndProject
Project("{8BB2217D-0F2D-49D1-97BC-3654ED321F3B}") = "NetEOC.Shared.Documentation", "Shared\NetEOC.Shared.Documentation\NetEOC.Shared.Documentation.xproj", "{13132BB5-03DE-41AC-8B32-93E54EB89F0D}"
EndProject
Global
	GlobalSection(SolutionConfigurationPlatforms) = preSolution
		Debug|Any CPU = Debug|Any CPU
		Release|Any CPU = Release|Any CPU
	EndGlobalSection
	GlobalSection(ProjectConfigurationPlatforms) = postSolution
		{637DE143-21FE-4CCD-AC21-1A8BB0B3DB26}.Debug|Any CPU.ActiveCfg = Debug|Any CPU
		{637DE143-21FE-4CCD-AC21-1A8BB0B3DB26}.Debug|Any CPU.Build.0 = Debug|Any CPU
		{637DE143-21FE-4CCD-AC21-1A8BB0B3DB26}.Release|Any CPU.ActiveCfg = Release|Any CPU
		{637DE143-21FE-4CCD-AC21-1A8BB0B3DB26}.Release|Any CPU.Build.0 = Release|Any CPU
		{836E3B0C-DB81-4D07-AE6B-F792CF64CB35}.Debug|Any CPU.ActiveCfg = Debug|Any CPU
		{836E3B0C-DB81-4D07-AE6B-F792CF64CB35}.Debug|Any CPU.Build.0 = Debug|Any CPU
		{836E3B0C-DB81-4D07-AE6B-F792CF64CB35}.Release|Any CPU.ActiveCfg = Release|Any CPU
		{836E3B0C-DB81-4D07-AE6B-F792CF64CB35}.Release|Any CPU.Build.0 = Release|Any CPU
		{71EA632F-1C0E-4691-B8E8-A06A5E19AC4C}.Debug|Any CPU.ActiveCfg = Debug|Any CPU
		{71EA632F-1C0E-4691-B8E8-A06A5E19AC4C}.Debug|Any CPU.Build.0 = Debug|Any CPU
		{71EA632F-1C0E-4691-B8E8-A06A5E19AC4C}.Release|Any CPU.ActiveCfg = Release|Any CPU
		{71EA632F-1C0E-4691-B8E8-A06A5E19AC4C}.Release|Any CPU.Build.0 = Release|Any CPU
		{85E1DEF9-3B0A-4FF0-8083-50FEF1DF4125}.Debug|Any CPU.ActiveCfg = Debug|Any CPU
		{85E1DEF9-3B0A-4FF0-8083-50FEF1DF4125}.Debug|Any CPU.Build.0 = Debug|Any CPU
		{85E1DEF9-3B0A-4FF0-8083-50FEF1DF4125}.Release|Any CPU.ActiveCfg = Release|Any CPU
		{85E1DEF9-3B0A-4FF0-8083-50FEF1DF4125}.Release|Any CPU.Build.0 = Release|Any CPU
		{AEF92697-03D8-469F-9416-1F72F97D07D8}.Debug|Any CPU.ActiveCfg = Debug|Any CPU
		{AEF92697-03D8-469F-9416-1F72F97D07D8}.Debug|Any CPU.Build.0 = Debug|Any CPU
		{AEF92697-03D8-469F-9416-1F72F97D07D8}.Release|Any CPU.ActiveCfg = Release|Any CPU
		{AEF92697-03D8-469F-9416-1F72F97D07D8}.Release|Any CPU.Build.0 = Release|Any CPU
		{70D21E65-4582-4E8F-B9AA-9122572B1A0C}.Debug|Any CPU.ActiveCfg = Debug|Any CPU
		{70D21E65-4582-4E8F-B9AA-9122572B1A0C}.Debug|Any CPU.Build.0 = Debug|Any CPU
		{70D21E65-4582-4E8F-B9AA-9122572B1A0C}.Release|Any CPU.ActiveCfg = Release|Any CPU
		{70D21E65-4582-4E8F-B9AA-9122572B1A0C}.Release|Any CPU.Build.0 = Release|Any CPU
		{726661CC-A7BC-4450-A06D-73E7B7AAC429}.Debug|Any CPU.ActiveCfg = Debug|Any CPU
		{726661CC-A7BC-4450-A06D-73E7B7AAC429}.Debug|Any CPU.Build.0 = Debug|Any CPU
		{726661CC-A7BC-4450-A06D-73E7B7AAC429}.Release|Any CPU.ActiveCfg = Release|Any CPU
		{726661CC-A7BC-4450-A06D-73E7B7AAC429}.Release|Any CPU.Build.0 = Release|Any CPU
		{F7476F9B-A73D-4CBD-A3F7-2477C836D6CF}.Debug|Any CPU.ActiveCfg = Debug|Any CPU
		{F7476F9B-A73D-4CBD-A3F7-2477C836D6CF}.Debug|Any CPU.Build.0 = Debug|Any CPU
		{F7476F9B-A73D-4CBD-A3F7-2477C836D6CF}.Release|Any CPU.ActiveCfg = Release|Any CPU
		{F7476F9B-A73D-4CBD-A3F7-2477C836D6CF}.Release|Any CPU.Build.0 = Release|Any CPU
		{FA172222-A11E-4F59-A6AC-AE416D1786A3}.Debug|Any CPU.ActiveCfg = Debug|Any CPU
		{FA172222-A11E-4F59-A6AC-AE416D1786A3}.Debug|Any CPU.Build.0 = Debug|Any CPU
		{FA172222-A11E-4F59-A6AC-AE416D1786A3}.Release|Any CPU.ActiveCfg = Release|Any CPU
		{FA172222-A11E-4F59-A6AC-AE416D1786A3}.Release|Any CPU.Build.0 = Release|Any CPU
		{13132BB5-03DE-41AC-8B32-93E54EB89F0D}.Debug|Any CPU.ActiveCfg = Debug|Any CPU
		{13132BB5-03DE-41AC-8B32-93E54EB89F0D}.Debug|Any CPU.Build.0 = Debug|Any CPU
		{13132BB5-03DE-41AC-8B32-93E54EB89F0D}.Release|Any CPU.ActiveCfg = Release|Any CPU
		{13132BB5-03DE-41AC-8B32-93E54EB89F0D}.Release|Any CPU.Build.0 = Release|Any CPU
	EndGlobalSection
	GlobalSection(SolutionProperties) = preSolution
		HideSolutionNode = FALSE
	EndGlobalSection
	GlobalSection(NestedProjects) = preSolution
		{637DE143-21FE-4CCD-AC21-1A8BB0B3DB26} = {1C8AEE1E-909C-48CE-BC96-66FD744E0639}
		{836E3B0C-DB81-4D07-AE6B-F792CF64CB35} = {1C8AEE1E-909C-48CE-BC96-66FD744E0639}
		{71EA632F-1C0E-4691-B8E8-A06A5E19AC4C} = {E0E3DEA6-3C5A-4676-98E8-E32B6329933A}
		{85E1DEF9-3B0A-4FF0-8083-50FEF1DF4125} = {E0E3DEA6-3C5A-4676-98E8-E32B6329933A}
		{AEF92697-03D8-469F-9416-1F72F97D07D8} = {E0E3DEA6-3C5A-4676-98E8-E32B6329933A}
		{70D21E65-4582-4E8F-B9AA-9122572B1A0C} = {1C8AEE1E-909C-48CE-BC96-66FD744E0639}
		{726661CC-A7BC-4450-A06D-73E7B7AAC429} = {FD9EB12F-0AFB-4043-8C5E-F27A4FC28750}
		{F7476F9B-A73D-4CBD-A3F7-2477C836D6CF} = {FD9EB12F-0AFB-4043-8C5E-F27A4FC28750}
		{FA172222-A11E-4F59-A6AC-AE416D1786A3} = {FD9EB12F-0AFB-4043-8C5E-F27A4FC28750}
		{13132BB5-03DE-41AC-8B32-93E54EB89F0D} = {E0E3DEA6-3C5A-4676-98E8-E32B6329933A}
	EndGlobalSection
EndGlobal
